{
    "_meta": {
        "hash": {
            "sha256": "ae3b8ba14af48ffeaa5358a763d04c723284d2db614c894bd2dc7676e875e9be"
        },
        "pipfile-spec": 6,
        "requires": {
            "python_version": "3.12"
        },
        "sources": [
            {
                "name": "pypi",
                "url": "https://pypi.org/simple",
                "verify_ssl": true
            }
        ]
    },
    "default": {
        "obsws-python": {
            "hashes": [
                "sha256:711d609d9e45c59efa483f4694748886fd78d9e8ecaacfc1a7cc15d40d647ddc",
                "sha256:f0a8e725861cb73466ee46f0697be1d45fa9814754484b92a8864a12ace1a553"
            ],
            "index": "pypi",
            "markers": "python_version >= '3.9'",
            "version": "==1.6.2"
        },
        "pyqt6": {
            "hashes": [
                "sha256:0adb7914c732ad1dee46d9cec838a98cb2b11bc38cc3b7b36fbd8701ae64bf47",
                "sha256:2d771fa0981514cb1ee937633dfa64f14caa902707d9afffab66677f3a73e3da",
                "sha256:3672a82ccd3a62e99ab200a13903421e2928e399fda25ced98d140313ad59cb9",
                "sha256:7f397f4b38b23b5588eb2c0933510deb953d96b1f0323a916c4839c2a66ccccc",
                "sha256:c2f202b7941aa74e5c7e1463a6f27d9131dbc1e6cabe85571d7364f5b3de7397",
                "sha256:f053378e3aef6248fa612c8afddda17f942fb63f9fe8a9aeb2a6b6b4cbb0eba9",
                "sha256:fa3954698233fe286a8afc477b84d8517f0788eb46b74da69d3ccc0170d3714c"
            ],
            "index": "pypi",
            "markers": "python_version >= '3.8'",
            "version": "==6.7.1"
        },
        "pyqt6-qt6": {
            "hashes": [
                "sha256:36ea0892b8caeb983af3f285f45fb8dfbb93cfd972439f4e01b7efb2868f6230",
                "sha256:50c7482bcdcf2bb78af257fb10ed8b582f8daf91d829782393bc50ac5a0a900c",
                "sha256:8551732984fb36a5f4f3db51eafc4e8e6caf18617365830285306f2db17a94c2",
                "sha256:cb525fdd393332de60887953029276a44de480fce1d785251ae639580f5e7246",
                "sha256:f517a93b6b1a814d4aa6587adc312e812ebaf4d70415bb15cfb44268c5ad3f5f"
            ],
            "version": "==6.7.3"
        },
        "pyqt6-sip": {
            "hashes": [
                "sha256:056af69d1d8d28d5968066ec5da908afd82fc0be07b67cf2b84b9f02228416ce",
                "sha256:08dd81037a2864982ece2bf9891f3bf4558e247034e112993ea1a3fe239458cb",
                "sha256:2559afa68825d08de09d71c42f3b6ad839dcc30f91e7c6d0785e07830d5541a5",
                "sha256:2f74cf3d6d9cab5152bd9f49d570b2dfb87553ebb5c4919abfde27f5b9fd69d4",
                "sha256:33d9b399fc9c9dc99496266842b0fb2735d924604774e97cf9b555667cc0fc59",
                "sha256:6bce6bc5870d9e87efe5338b1ee4a7b9d7d26cdd16a79a5757d80b6f25e71edc",
                "sha256:755beb5d271d081e56618fb30342cdd901464f721450495cb7cb0212764da89e",
                "sha256:7a0bbc0918eab5b6351735d40cf22cbfa5aa2476b55e0d5fe881aeed7d871c29",
                "sha256:7f84c472afdc7d316ff683f63129350d645ef82d9b3fd75a609b08472d1f7291",
                "sha256:835ed22eab977f75fd77e60d4ff308a1fa794b1d0c04849311f36d2a080cdf3b",
                "sha256:9ea9223c94906efd68148f12ae45b51a21d67e86704225ddc92bce9c54e4d93c",
                "sha256:a5c086b7c9c7996ea9b7522646cc24eebbf3591ec9dd38f65c0a3fdb0dbeaac7",
                "sha256:b1bf29e95f10a8a00819dac804ca7e5eba5fc1769adcd74c837c11477bf81954",
                "sha256:b203b6fbae4a8f2d27f35b7df46200057033d9ecd9134bcf30e3eab66d43572c",
                "sha256:beaddc1ec96b342f4e239702f91802706a80cb403166c2da318cec4ad8b790cb",
                "sha256:cd81144b0770084e8005d3a121c9382e6f9bc8d0bb320dd618718ffe5090e0e6",
                "sha256:cedd554c643e54c4c2e12b5874781a87441a1b405acf3650a4a2e1df42aae231",
                "sha256:d8b22a6850917c68ce83fc152a8b606ecb2efaaeed35be53110468885d6cdd9d",
                "sha256:dd168667addf01f8a4b0fa7755323e43e4cd12ca4bade558c61f713a5d48ba1a",
                "sha256:f57275b5af774529f9838adcfb58869ba3ebdaf805daea113bb0697a96a3f3cb",
                "sha256:fbb249b82c53180f1420571ece5dc24fea1188ba435923edd055599dffe7abfb"
            ],
            "markers": "python_version >= '3.8'",
            "version": "==13.8.0"
        },
        "schedule": {
            "hashes": [
                "sha256:15fe9c75fe5fd9b9627f3f19cc0ef1420508f9f9a46f45cd0769ef75ede5f0b7",
                "sha256:5bef4a2a0183abf44046ae0d164cadcac21b1db011bdd8102e4a0c1e91e06a7d"
            ],
            "index": "pypi",
            "markers": "python_version >= '3.7'",
            "version": "==1.2.2"
        },
        "toml": {
            "hashes": [
                "sha256:806143ae5bfb6a3c6e736a764057db0e6a0e05e338b5630894a5f779cabb4f9b",
                "sha256:b3bda1d108d5dd99f4a20d24d9c348e91c4db7ab1b749200bded2f839ccbe68f"
            ],
            "index": "pypi",
            "markers": "python_version >= '2.6' and python_version not in '3.0, 3.1, 3.2, 3.3'",
            "version": "==0.10.2"
        },
        "websocket-client": {
            "hashes": [
                "sha256:17b44cc997f5c498e809b22cdf2d9c7a9e71c02c8cc2b6c56e7c2d1239bfa526",
                "sha256:3239df9f44da632f96012472805d40a23281a991027ce11d2f45a6f24ac4c3da"
            ],
            "markers": "python_version >= '3.8'",
            "version": "==1.8.0"
        }
    },
    "develop": {}
}
